PODS:
  - Flutter (1.0.0)
  - flutter_plugin_network (0.0.1):
    - Flutter

DEPENDENCIES:
  - Flutter (from `Flutter`)
  - flutter_plugin_network (from `.symlinks/plugins/flutter_plugin_network/ios`)

EXTERNAL SOURCES:
  Flutter:
    :path: Flutter
  flutter_plugin_network:
    :path: ".symlinks/plugins/flutter_plugin_network/ios"

SPEC CHECKSUMS:
  Flutter: 0e3d915762c693b495b44d77113d4970485de6ec
  flutter_plugin_network: 39d6d11493ce33761a729bff21d3909ced462867

PODFILE CHECKSUM: 1b66dae606f75376c5f2135a8290850eeb09ae83

COCOAPODS: 1.9.1
